schema: '2.0'
stages:
  preprocess:
    cmd: python3 get_data.py
    deps:
    - path: get_data.py
      md5: 2aafe4d720aa863d598495b37d55b2a8
      size: 590
    - path: jigsaw.csv
      md5: eddf40b4cfd6d6a7514cfbfb2d625ea9
      size: 40866948
    outs:
    - path: cleaned.csv
      md5: 7600a885d82751723ee683da7a816ed5
      size: 41181188
  train:
    cmd: python3 train.py
    deps:
    - path: cleaned.csv
      md5: 7600a885d82751723ee683da7a816ed5
      size: 41181188
    - path: train.py
      md5: 742e25f86461e84bd40446be72326db6
      size: 2002
    outs:
    - path: metrics.json
      md5: 00a45c27d36dd9738f350c54225d4bab
      size: 56
    - path: report.txt
      md5: 6cdb8518624e7ae3e6536605af44ba08
      size: 114
